{
  "name": "jscourse",
  "version": "1.0.0",
  "lockfileVersion": 2,
  "requires": true,
  "packages": {
    "": {
      "name": "jscourse",
      "version": "1.0.0",
      "license": "ISC",
      "dependencies": {
        "es6-module-loader": "^0.17.11",
        "traceur": "0.0.108"
      },
      "devDependencies": {
        "lite-server": "^2.2.0"
      }
    }
  }
}